
Microsoft Visual Studio Solution File, Format Version 12.00
# Visual Studio Version 17
VisualStudioVersion = 17.8.34330.188
MinimumVisualStudioVersion = 10.0.40219.1
Project("{FAE04EC0-301F-11D3-BF4B-00C04F79EFBC}") = "suel 3000", "suel 3000\suel 3000.csproj", "{8A8E9042-9E21-4D95-935D-4C0379998ACB}"
EndProject
Global
	GlobalSection(SolutionConfigurationPlatforms) = preSolution
		Debug|Any CPU = Debug|Any CPU
		Release|Any CPU = Release|Any CPU
	EndGlobalSection
	GlobalSection(ProjectConfigurationPlatforms) = postSolution
		{8A8E9042-9E21-4D95-935D-4C0379998ACB}.Debug|Any CPU.ActiveCfg = Debug|Any CPU
		{8A8E9042-9E21-4D95-935D-4C0379998ACB}.Debug|Any CPU.Build.0 = Debug|Any CPU
		{8A8E9042-9E21-4D95-935D-4C0379998ACB}.Release|Any CPU.ActiveCfg = Release|Any CPU
		{8A8E9042-9E21-4D95-935D-4C0379998ACB}.Release|Any CPU.Build.0 = Release|Any CPU
	EndGlobalSection
	GlobalSection(SolutionProperties) = preSolution
		HideSolutionNode = FALSE
	EndGlobalSection
	GlobalSection(ExtensibilityGlobals) = postSolution
		SolutionGuid = {2FAD45C7-0189-4183-83AF-93605BB353EC}
	EndGlobalSection
EndGlobal
